
Microsoft Visual Studio Solution File, Format Version 12.00
# Visual Studio Version 18
VisualStudioVersion = 18.7.11925.98
MinimumVisualStudioVersion = 10.0.40219.1
Project("{FAE04EC0-301F-11D3-BF4B-00C04F79EFBC}") = "BiboWebBot", "Projekt\BiboWebBot\BiboWebBot.csproj", "{448B8172-A3EB-D393-30A8-722211853AC7}"
EndProject
Project("{FAE04EC0-301F-11D3-BF4B-00C04F79EFBC}") = "BiboWebBot.Console", "Projekt\BiboWebBot.Console\BiboWebBot.Console.csproj", "{9F118589-ECD5-559A-EA52-E8C56AFAACAE}"
EndProject
Project("{FAE04EC0-301F-11D3-BF4B-00C04F79EFBC}") = "BiboWebBot.VoebbParsing", "Projekt\BiboWebBot.VoebbParsing\BiboWebBot.VoebbParsing.csproj", "{428C47A3-915B-2802-27C2-27F0E6403A57}"
EndProject
Project("{FAE04EC0-301F-11D3-BF4B-00C04F79EFBC}") = "BiboWebBot.GoogleCalendar", "Projekt\BiboWebBot.GoogleCalendar\BiboWebBot.GoogleCalendar.csproj", "{15A54C11-B934-A1D0-F5A7-A01FDEAD8529}"
EndProject
Project("{FAE04EC0-301F-11D3-BF4B-00C04F79EFBC}") = "BiboWebBot.Mqtt", "Projekt\BiboWebBot.Mqtt\BiboWebBot.Mqtt.csproj", "{17EE9FCD-6A05-E462-6978-3922A60A9C59}"
EndProject
Project("{FAE04EC0-301F-11D3-BF4B-00C04F79EFBC}") = "BiboWebBot.Tests", "Projekt\BiboWebBot.Tests\BiboWebBot.Tests.csproj", "{7D5FD76E-3A5F-DE2A-A820-BAD80968A0E7}"
EndProject
Project("{FAE04EC0-301F-11D3-BF4B-00C04F79EFBC}") = "BiboWebBot.HomeAssistant", "Projekt\BiboWebBot.HomeAssistant\BiboWebBot.HomeAssistant.csproj", "{81CAEC19-1527-CE1D-FE7B-B4AFF9E5F95D}"
EndProject
Global
	GlobalSection(SolutionConfigurationPlatforms) = preSolution
		Debug|Any CPU = Debug|Any CPU
		Release|Any CPU = Release|Any CPU
	EndGlobalSection
	GlobalSection(ProjectConfigurationPlatforms) = postSolution
		{448B8172-A3EB-D393-30A8-722211853AC7}.Debug|Any CPU.ActiveCfg = Debug|Any CPU
		{448B8172-A3EB-D393-30A8-722211853AC7}.Debug|Any CPU.Build.0 = Debug|Any CPU
		{448B8172-A3EB-D393-30A8-722211853AC7}.Release|Any CPU.ActiveCfg = Release|Any CPU
		{448B8172-A3EB-D393-30A8-722211853AC7}.Release|Any CPU.Build.0 = Release|Any CPU
		{9F118589-ECD5-559A-EA52-E8C56AFAACAE}.Debug|Any CPU.ActiveCfg = Debug|Any CPU
		{9F118589-ECD5-559A-EA52-E8C56AFAACAE}.Debug|Any CPU.Build.0 = Debug|Any CPU
		{9F118589-ECD5-559A-EA52-E8C56AFAACAE}.Release|Any CPU.ActiveCfg = Release|Any CPU
		{9F118589-ECD5-559A-EA52-E8C56AFAACAE}.Release|Any CPU.Build.0 = Release|Any CPU
		{428C47A3-915B-2802-27C2-27F0E6403A57}.Debug|Any CPU.ActiveCfg = Debug|Any CPU
		{428C47A3-915B-2802-27C2-27F0E6403A57}.Debug|Any CPU.Build.0 = Debug|Any CPU
		{428C47A3-915B-2802-27C2-27F0E6403A57}.Release|Any CPU.ActiveCfg = Release|Any CPU
		{428C47A3-915B-2802-27C2-27F0E6403A57}.Release|Any CPU.Build.0 = Release|Any CPU
		{15A54C11-B934-A1D0-F5A7-A01FDEAD8529}.Debug|Any CPU.ActiveCfg = Debug|Any CPU
		{15A54C11-B934-A1D0-F5A7-A01FDEAD8529}.Debug|Any CPU.Build.0 = Debug|Any CPU
		{15A54C11-B934-A1D0-F5A7-A01FDEAD8529}.Release|Any CPU.ActiveCfg = Release|Any CPU
		{15A54C11-B934-A1D0-F5A7-A01FDEAD8529}.Release|Any CPU.Build.0 = Release|Any CPU
		{17EE9FCD-6A05-E462-6978-3922A60A9C59}.Debug|Any CPU.ActiveCfg = Debug|Any CPU
		{17EE9FCD-6A05-E462-6978-3922A60A9C59}.Debug|Any CPU.Build.0 = Debug|Any CPU
		{17EE9FCD-6A05-E462-6978-3922A60A9C59}.Release|Any CPU.ActiveCfg = Release|Any CPU
		{17EE9FCD-6A05-E462-6978-3922A60A9C59}.Release|Any CPU.Build.0 = Release|Any CPU
		{7D5FD76E-3A5F-DE2A-A820-BAD80968A0E7}.Debug|Any CPU.ActiveCfg = Debug|Any CPU
		{7D5FD76E-3A5F-DE2A-A820-BAD80968A0E7}.Debug|Any CPU.Build.0 = Debug|Any CPU
		{7D5FD76E-3A5F-DE2A-A820-BAD80968A0E7}.Release|Any CPU.ActiveCfg = Release|Any CPU
		{7D5FD76E-3A5F-DE2A-A820-BAD80968A0E7}.Release|Any CPU.Build.0 = Release|Any CPU
		{81CAEC19-1527-CE1D-FE7B-B4AFF9E5F95D}.Debug|Any CPU.ActiveCfg = Debug|Any CPU
		{81CAEC19-1527-CE1D-FE7B-B4AFF9E5F95D}.Debug|Any CPU.Build.0 = Debug|Any CPU
		{81CAEC19-1527-CE1D-FE7B-B4AFF9E5F95D}.Release|Any CPU.ActiveCfg = Release|Any CPU
		{81CAEC19-1527-CE1D-FE7B-B4AFF9E5F95D}.Release|Any CPU.Build.0 = Release|Any CPU
	EndGlobalSection
	GlobalSection(SolutionProperties) = preSolution
		HideSolutionNode = FALSE
	EndGlobalSection
EndGlobal
